
Microsoft Visual Studio Solution File, Format Version 12.00
# Visual Studio Version 16
VisualStudioVersion = 16.0.31624.102
MinimumVisualStudioVersion = 10.0.40219.1
Project("{8BC9CEB8-8B4A-11D0-8D11-00A0C91BC942}") = "EndToEndSecurity", "EndToEndSecurity\EndToEndSecurity.vcxproj", "{C1AAB9F1-F0B9-4832-B094-284ABC112D75}"
EndProject
Project("{8BC9CEB8-8B4A-11D0-8D11-00A0C91BC942}") = "EndToEndSecurityTest", "EndToEndSecurityTest\EndToEndSecurityTest.vcxproj", "{C653C4A9-489E-4A70-8F4C-986FC22E3623}"
EndProject
Global
	GlobalSection(SolutionConfigurationPlatforms) = preSolution
		Debug|x64 = Debug|x64
		Debug|x86 = Debug|x86
		Release|x64 = Release|x64
		Release|x86 = Release|x86
	EndGlobalSection
	GlobalSection(ProjectConfigurationPlatforms) = postSolution
		{C1AAB9F1-F0B9-4832-B094-284ABC112D75}.Debug|x64.ActiveCfg = Debug|x64
		{C1AAB9F1-F0B9-4832-B094-284ABC112D75}.Debug|x64.Build.0 = Debug|x64
		{C1AAB9F1-F0B9-4832-B094-284ABC112D75}.Debug|x86.ActiveCfg = Debug|Win32
		{C1AAB9F1-F0B9-4832-B094-284ABC112D75}.Debug|x86.Build.0 = Debug|Win32
		{C1AAB9F1-F0B9-4832-B094-284ABC112D75}.Release|x64.ActiveCfg = Release|x64
		{C1AAB9F1-F0B9-4832-B094-284ABC112D75}.Release|x64.Build.0 = Release|x64
		{C1AAB9F1-F0B9-4832-B094-284ABC112D75}.Release|x86.ActiveCfg = Release|Win32
		{C1AAB9F1-F0B9-4832-B094-284ABC112D75}.Release|x86.Build.0 = Release|Win32
		{C653C4A9-489E-4A70-8F4C-986FC22E3623}.Debug|x64.ActiveCfg = Debug|x64
		{C653C4A9-489E-4A70-8F4C-986FC22E3623}.Debug|x64.Build.0 = Debug|x64
		{C653C4A9-489E-4A70-8F4C-986FC22E3623}.Debug|x86.ActiveCfg = Debug|Win32
		{C653C4A9-489E-4A70-8F4C-986FC22E3623}.Debug|x86.Build.0 = Debug|Win32
		{C653C4A9-489E-4A70-8F4C-986FC22E3623}.Release|x64.ActiveCfg = Release|x64
		{C653C4A9-489E-4A70-8F4C-986FC22E3623}.Release|x64.Build.0 = Release|x64
		{C653C4A9-489E-4A70-8F4C-986FC22E3623}.Release|x86.ActiveCfg = Release|Win32
		{C653C4A9-489E-4A70-8F4C-986FC22E3623}.Release|x86.Build.0 = Release|Win32
	EndGlobalSection
	GlobalSection(SolutionProperties) = preSolution
		HideSolutionNode = FALSE
	EndGlobalSection
	GlobalSection(ExtensibilityGlobals) = postSolution
		SolutionGuid = {D3DFF3A2-30D4-4EA8-BAB1-1F813952D407}
	EndGlobalSection
EndGlobal
