
Microsoft Visual Studio Solution File, Format Version 12.00
# Visual Studio Version 16
VisualStudioVersion = 16.0.28729.10
MinimumVisualStudioVersion = 10.0.40219.1
Project("{9A19103F-16F7-4668-BE54-9A1E7A4F7556}") = "Core", "Core\Core.csproj", "{4C93658C-042B-4867-BB54-9CB01CB9F5C0}"
EndProject
Project("{9A19103F-16F7-4668-BE54-9A1E7A4F7556}") = "CoreTest", "Core\CoreTest\CoreTest.csproj", "{619ACE76-9AF3-4B27-AEC8-70BFBEDCE3C0}"
EndProject
Project("{9A19103F-16F7-4668-BE54-9A1E7A4F7556}") = "Server", "Server\Server.csproj", "{1AB9F866-4A57-402D-A36E-69D476BFB51D}"
EndProject
Project("{9A19103F-16F7-4668-BE54-9A1E7A4F7556}") = "ServerTest", "Server\ServerTest\ServerTest.csproj", "{B2FB3DFB-4AE1-424D-A324-92AA8A3D652D}"
EndProject
Project("{9A19103F-16F7-4668-BE54-9A1E7A4F7556}") = "UnitTestCore", "UnitTestCore\UnitTestCore.csproj", "{B397655A-C93A-418D-BF8F-A761F11DBCB1}"
EndProject
Project("{9A19103F-16F7-4668-BE54-9A1E7A4F7556}") = "CardReaderServiceProvider", "ServiceClasses\CardReaderServiceProvider\CardReaderServiceProvider.csproj", "{8A62B80C-60CB-49EB-9572-788009BF44F9}"
EndProject
Project("{9A19103F-16F7-4668-BE54-9A1E7A4F7556}") = "ServiceInterfaces", "ServiceClasses\ServiceInterfaces\ServiceInterfaces.csproj", "{3AF42835-3F30-4AA0-83E1-DBFB60E0D1CC}"
EndProject
Project("{9A19103F-16F7-4668-BE54-9A1E7A4F7556}") = "CommonServiceProvider", "ServiceClasses\CommonServiceProvider\CommonServiceProvider.csproj", "{ED6F4DD6-A17B-4659-A02A-C0CCF3B805F3}"
EndProject
Global
	GlobalSection(SolutionConfigurationPlatforms) = preSolution
		Debug|Any CPU = Debug|Any CPU
		Debug|ARM = Debug|ARM
		Debug|x64 = Debug|x64
		Debug|x86 = Debug|x86
		Release|Any CPU = Release|Any CPU
		Release|ARM = Release|ARM
		Release|x64 = Release|x64
		Release|x86 = Release|x86
	EndGlobalSection
	GlobalSection(ProjectConfigurationPlatforms) = postSolution
		{4C93658C-042B-4867-BB54-9CB01CB9F5C0}.Debug|Any CPU.ActiveCfg = Debug|Any CPU
		{4C93658C-042B-4867-BB54-9CB01CB9F5C0}.Debug|Any CPU.Build.0 = Debug|Any CPU
		{4C93658C-042B-4867-BB54-9CB01CB9F5C0}.Debug|ARM.ActiveCfg = Debug|Any CPU
		{4C93658C-042B-4867-BB54-9CB01CB9F5C0}.Debug|ARM.Build.0 = Debug|Any CPU
		{4C93658C-042B-4867-BB54-9CB01CB9F5C0}.Debug|x64.ActiveCfg = Debug|Any CPU
		{4C93658C-042B-4867-BB54-9CB01CB9F5C0}.Debug|x64.Build.0 = Debug|Any CPU
		{4C93658C-042B-4867-BB54-9CB01CB9F5C0}.Debug|x86.ActiveCfg = Debug|Any CPU
		{4C93658C-042B-4867-BB54-9CB01CB9F5C0}.Debug|x86.Build.0 = Debug|Any CPU
		{4C93658C-042B-4867-BB54-9CB01CB9F5C0}.Release|Any CPU.ActiveCfg = Release|Any CPU
		{4C93658C-042B-4867-BB54-9CB01CB9F5C0}.Release|Any CPU.Build.0 = Release|Any CPU
		{4C93658C-042B-4867-BB54-9CB01CB9F5C0}.Release|ARM.ActiveCfg = Release|Any CPU
		{4C93658C-042B-4867-BB54-9CB01CB9F5C0}.Release|ARM.Build.0 = Release|Any CPU
		{4C93658C-042B-4867-BB54-9CB01CB9F5C0}.Release|x64.ActiveCfg = Release|Any CPU
		{4C93658C-042B-4867-BB54-9CB01CB9F5C0}.Release|x64.Build.0 = Release|Any CPU
		{4C93658C-042B-4867-BB54-9CB01CB9F5C0}.Release|x86.ActiveCfg = Release|Any CPU
		{4C93658C-042B-4867-BB54-9CB01CB9F5C0}.Release|x86.Build.0 = Release|Any CPU
		{619ACE76-9AF3-4B27-AEC8-70BFBEDCE3C0}.Debug|Any CPU.ActiveCfg = Debug|Any CPU
		{619ACE76-9AF3-4B27-AEC8-70BFBEDCE3C0}.Debug|Any CPU.Build.0 = Debug|Any CPU
		{619ACE76-9AF3-4B27-AEC8-70BFBEDCE3C0}.Debug|ARM.ActiveCfg = Debug|Any CPU
		{619ACE76-9AF3-4B27-AEC8-70BFBEDCE3C0}.Debug|ARM.Build.0 = Debug|Any CPU
		{619ACE76-9AF3-4B27-AEC8-70BFBEDCE3C0}.Debug|x64.ActiveCfg = Debug|Any CPU
		{619ACE76-9AF3-4B27-AEC8-70BFBEDCE3C0}.Debug|x64.Build.0 = Debug|Any CPU
		{619ACE76-9AF3-4B27-AEC8-70BFBEDCE3C0}.Debug|x86.ActiveCfg = Debug|Any CPU
		{619ACE76-9AF3-4B27-AEC8-70BFBEDCE3C0}.Debug|x86.Build.0 = Debug|Any CPU
		{619ACE76-9AF3-4B27-AEC8-70BFBEDCE3C0}.Release|Any CPU.ActiveCfg = Release|Any CPU
		{619ACE76-9AF3-4B27-AEC8-70BFBEDCE3C0}.Release|Any CPU.Build.0 = Release|Any CPU
		{619ACE76-9AF3-4B27-AEC8-70BFBEDCE3C0}.Release|ARM.ActiveCfg = Release|Any CPU
		{619ACE76-9AF3-4B27-AEC8-70BFBEDCE3C0}.Release|ARM.Build.0 = Release|Any CPU
		{619ACE76-9AF3-4B27-AEC8-70BFBEDCE3C0}.Release|x64.ActiveCfg = Release|Any CPU
		{619ACE76-9AF3-4B27-AEC8-70BFBEDCE3C0}.Release|x64.Build.0 = Release|Any CPU
		{619ACE76-9AF3-4B27-AEC8-70BFBEDCE3C0}.Release|x86.ActiveCfg = Release|Any CPU
		{619ACE76-9AF3-4B27-AEC8-70BFBEDCE3C0}.Release|x86.Build.0 = Release|Any CPU
		{1AB9F866-4A57-402D-A36E-69D476BFB51D}.Debug|Any CPU.ActiveCfg = Debug|Any CPU
		{1AB9F866-4A57-402D-A36E-69D476BFB51D}.Debug|Any CPU.Build.0 = Debug|Any CPU
		{1AB9F866-4A57-402D-A36E-69D476BFB51D}.Debug|ARM.ActiveCfg = Debug|Any CPU
		{1AB9F866-4A57-402D-A36E-69D476BFB51D}.Debug|ARM.Build.0 = Debug|Any CPU
		{1AB9F866-4A57-402D-A36E-69D476BFB51D}.Debug|x64.ActiveCfg = Debug|Any CPU
		{1AB9F866-4A57-402D-A36E-69D476BFB51D}.Debug|x64.Build.0 = Debug|Any CPU
		{1AB9F866-4A57-402D-A36E-69D476BFB51D}.Debug|x86.ActiveCfg = Debug|Any CPU
		{1AB9F866-4A57-402D-A36E-69D476BFB51D}.Debug|x86.Build.0 = Debug|Any CPU
		{1AB9F866-4A57-402D-A36E-69D476BFB51D}.Release|Any CPU.ActiveCfg = Release|Any CPU
		{1AB9F866-4A57-402D-A36E-69D476BFB51D}.Release|Any CPU.Build.0 = Release|Any CPU
		{1AB9F866-4A57-402D-A36E-69D476BFB51D}.Release|ARM.ActiveCfg = Release|Any CPU
		{1AB9F866-4A57-402D-A36E-69D476BFB51D}.Release|ARM.Build.0 = Release|Any CPU
		{1AB9F866-4A57-402D-A36E-69D476BFB51D}.Release|x64.ActiveCfg = Release|Any CPU
		{1AB9F866-4A57-402D-A36E-69D476BFB51D}.Release|x64.Build.0 = Release|Any CPU
		{1AB9F866-4A57-402D-A36E-69D476BFB51D}.Release|x86.ActiveCfg = Release|Any CPU
		{1AB9F866-4A57-402D-A36E-69D476BFB51D}.Release|x86.Build.0 = Release|Any CPU
		{B2FB3DFB-4AE1-424D-A324-92AA8A3D652D}.Debug|Any CPU.ActiveCfg = Debug|Any CPU
		{B2FB3DFB-4AE1-424D-A324-92AA8A3D652D}.Debug|Any CPU.Build.0 = Debug|Any CPU
		{B2FB3DFB-4AE1-424D-A324-92AA8A3D652D}.Debug|ARM.ActiveCfg = Debug|Any CPU
		{B2FB3DFB-4AE1-424D-A324-92AA8A3D652D}.Debug|ARM.Build.0 = Debug|Any CPU
		{B2FB3DFB-4AE1-424D-A324-92AA8A3D652D}.Debug|x64.ActiveCfg = Debug|Any CPU
		{B2FB3DFB-4AE1-424D-A324-92AA8A3D652D}.Debug|x64.Build.0 = Debug|Any CPU
		{B2FB3DFB-4AE1-424D-A324-92AA8A3D652D}.Debug|x86.ActiveCfg = Debug|Any CPU
		{B2FB3DFB-4AE1-424D-A324-92AA8A3D652D}.Debug|x86.Build.0 = Debug|Any CPU
		{B2FB3DFB-4AE1-424D-A324-92AA8A3D652D}.Release|Any CPU.ActiveCfg = Release|Any CPU
		{B2FB3DFB-4AE1-424D-A324-92AA8A3D652D}.Release|Any CPU.Build.0 = Release|Any CPU
		{B2FB3DFB-4AE1-424D-A324-92AA8A3D652D}.Release|ARM.ActiveCfg = Release|Any CPU
		{B2FB3DFB-4AE1-424D-A324-92AA8A3D652D}.Release|ARM.Build.0 = Release|Any CPU
		{B2FB3DFB-4AE1-424D-A324-92AA8A3D652D}.Release|x64.ActiveCfg = Release|Any CPU
		{B2FB3DFB-4AE1-424D-A324-92AA8A3D652D}.Release|x64.Build.0 = Release|Any CPU
		{B2FB3DFB-4AE1-424D-A324-92AA8A3D652D}.Release|x86.ActiveCfg = Release|Any CPU
		{B2FB3DFB-4AE1-424D-A324-92AA8A3D652D}.Release|x86.Build.0 = Release|Any CPU
		{B397655A-C93A-418D-BF8F-A761F11DBCB1}.Debug|Any CPU.ActiveCfg = Debug|Any CPU
		{B397655A-C93A-418D-BF8F-A761F11DBCB1}.Debug|Any CPU.Build.0 = Debug|Any CPU
		{B397655A-C93A-418D-BF8F-A761F11DBCB1}.Debug|ARM.ActiveCfg = Debug|Any CPU
		{B397655A-C93A-418D-BF8F-A761F11DBCB1}.Debug|ARM.Build.0 = Debug|Any CPU
		{B397655A-C93A-418D-BF8F-A761F11DBCB1}.Debug|x64.ActiveCfg = Debug|Any CPU
		{B397655A-C93A-418D-BF8F-A761F11DBCB1}.Debug|x64.Build.0 = Debug|Any CPU
		{B397655A-C93A-418D-BF8F-A761F11DBCB1}.Debug|x86.ActiveCfg = Debug|Any CPU
		{B397655A-C93A-418D-BF8F-A761F11DBCB1}.Debug|x86.Build.0 = Debug|Any CPU
		{B397655A-C93A-418D-BF8F-A761F11DBCB1}.Release|Any CPU.ActiveCfg = Release|Any CPU
		{B397655A-C93A-418D-BF8F-A761F11DBCB1}.Release|Any CPU.Build.0 = Release|Any CPU
		{B397655A-C93A-418D-BF8F-A761F11DBCB1}.Release|ARM.ActiveCfg = Release|Any CPU
		{B397655A-C93A-418D-BF8F-A761F11DBCB1}.Release|ARM.Build.0 = Release|Any CPU
		{B397655A-C93A-418D-BF8F-A761F11DBCB1}.Release|x64.ActiveCfg = Release|Any CPU
		{B397655A-C93A-418D-BF8F-A761F11DBCB1}.Release|x64.Build.0 = Release|Any CPU
		{B397655A-C93A-418D-BF8F-A761F11DBCB1}.Release|x86.ActiveCfg = Release|Any CPU
		{B397655A-C93A-418D-BF8F-A761F11DBCB1}.Release|x86.Build.0 = Release|Any CPU
		{8A62B80C-60CB-49EB-9572-788009BF44F9}.Debug|Any CPU.ActiveCfg = Debug|Any CPU
		{8A62B80C-60CB-49EB-9572-788009BF44F9}.Debug|Any CPU.Build.0 = Debug|Any CPU
		{8A62B80C-60CB-49EB-9572-788009BF44F9}.Debug|ARM.ActiveCfg = Debug|Any CPU
		{8A62B80C-60CB-49EB-9572-788009BF44F9}.Debug|ARM.Build.0 = Debug|Any CPU
		{8A62B80C-60CB-49EB-9572-788009BF44F9}.Debug|x64.ActiveCfg = Debug|Any CPU
		{8A62B80C-60CB-49EB-9572-788009BF44F9}.Debug|x64.Build.0 = Debug|Any CPU
		{8A62B80C-60CB-49EB-9572-788009BF44F9}.Debug|x86.ActiveCfg = Debug|Any CPU
		{8A62B80C-60CB-49EB-9572-788009BF44F9}.Debug|x86.Build.0 = Debug|Any CPU
		{8A62B80C-60CB-49EB-9572-788009BF44F9}.Release|Any CPU.ActiveCfg = Release|Any CPU
		{8A62B80C-60CB-49EB-9572-788009BF44F9}.Release|Any CPU.Build.0 = Release|Any CPU
		{8A62B80C-60CB-49EB-9572-788009BF44F9}.Release|ARM.ActiveCfg = Release|Any CPU
		{8A62B80C-60CB-49EB-9572-788009BF44F9}.Release|ARM.Build.0 = Release|Any CPU
		{8A62B80C-60CB-49EB-9572-788009BF44F9}.Release|x64.ActiveCfg = Release|Any CPU
		{8A62B80C-60CB-49EB-9572-788009BF44F9}.Release|x64.Build.0 = Release|Any CPU
		{8A62B80C-60CB-49EB-9572-788009BF44F9}.Release|x86.ActiveCfg = Release|Any CPU
		{8A62B80C-60CB-49EB-9572-788009BF44F9}.Release|x86.Build.0 = Release|Any CPU
		{3AF42835-3F30-4AA0-83E1-DBFB60E0D1CC}.Debug|Any CPU.ActiveCfg = Debug|Any CPU
		{3AF42835-3F30-4AA0-83E1-DBFB60E0D1CC}.Debug|Any CPU.Build.0 = Debug|Any CPU
		{3AF42835-3F30-4AA0-83E1-DBFB60E0D1CC}.Debug|ARM.ActiveCfg = Debug|Any CPU
		{3AF42835-3F30-4AA0-83E1-DBFB60E0D1CC}.Debug|ARM.Build.0 = Debug|Any CPU
		{3AF42835-3F30-4AA0-83E1-DBFB60E0D1CC}.Debug|x64.ActiveCfg = Debug|Any CPU
		{3AF42835-3F30-4AA0-83E1-DBFB60E0D1CC}.Debug|x64.Build.0 = Debug|Any CPU
		{3AF42835-3F30-4AA0-83E1-DBFB60E0D1CC}.Debug|x86.ActiveCfg = Debug|Any CPU
		{3AF42835-3F30-4AA0-83E1-DBFB60E0D1CC}.Debug|x86.Build.0 = Debug|Any CPU
		{3AF42835-3F30-4AA0-83E1-DBFB60E0D1CC}.Release|Any CPU.ActiveCfg = Release|Any CPU
		{3AF42835-3F30-4AA0-83E1-DBFB60E0D1CC}.Release|Any CPU.Build.0 = Release|Any CPU
		{3AF42835-3F30-4AA0-83E1-DBFB60E0D1CC}.Release|ARM.ActiveCfg = Release|Any CPU
		{3AF42835-3F30-4AA0-83E1-DBFB60E0D1CC}.Release|ARM.Build.0 = Release|Any CPU
		{3AF42835-3F30-4AA0-83E1-DBFB60E0D1CC}.Release|x64.ActiveCfg = Release|Any CPU
		{3AF42835-3F30-4AA0-83E1-DBFB60E0D1CC}.Release|x64.Build.0 = Release|Any CPU
		{3AF42835-3F30-4AA0-83E1-DBFB60E0D1CC}.Release|x86.ActiveCfg = Release|Any CPU
		{3AF42835-3F30-4AA0-83E1-DBFB60E0D1CC}.Release|x86.Build.0 = Release|Any CPU
		{ED6F4DD6-A17B-4659-A02A-C0CCF3B805F3}.Debug|Any CPU.ActiveCfg = Debug|Any CPU
		{ED6F4DD6-A17B-4659-A02A-C0CCF3B805F3}.Debug|Any CPU.Build.0 = Debug|Any CPU
		{ED6F4DD6-A17B-4659-A02A-C0CCF3B805F3}.Debug|ARM.ActiveCfg = Debug|Any CPU
		{ED6F4DD6-A17B-4659-A02A-C0CCF3B805F3}.Debug|ARM.Build.0 = Debug|Any CPU
		{ED6F4DD6-A17B-4659-A02A-C0CCF3B805F3}.Debug|x64.ActiveCfg = Debug|Any CPU
		{ED6F4DD6-A17B-4659-A02A-C0CCF3B805F3}.Debug|x64.Build.0 = Debug|Any CPU
		{ED6F4DD6-A17B-4659-A02A-C0CCF3B805F3}.Debug|x86.ActiveCfg = Debug|Any CPU
		{ED6F4DD6-A17B-4659-A02A-C0CCF3B805F3}.Debug|x86.Build.0 = Debug|Any CPU
		{ED6F4DD6-A17B-4659-A02A-C0CCF3B805F3}.Release|Any CPU.ActiveCfg = Release|Any CPU
		{ED6F4DD6-A17B-4659-A02A-C0CCF3B805F3}.Release|Any CPU.Build.0 = Release|Any CPU
		{ED6F4DD6-A17B-4659-A02A-C0CCF3B805F3}.Release|ARM.ActiveCfg = Release|Any CPU
		{ED6F4DD6-A17B-4659-A02A-C0CCF3B805F3}.Release|ARM.Build.0 = Release|Any CPU
		{ED6F4DD6-A17B-4659-A02A-C0CCF3B805F3}.Release|x64.ActiveCfg = Release|Any CPU
		{ED6F4DD6-A17B-4659-A02A-C0CCF3B805F3}.Release|x64.Build.0 = Release|Any CPU
		{ED6F4DD6-A17B-4659-A02A-C0CCF3B805F3}.Release|x86.ActiveCfg = Release|Any CPU
		{ED6F4DD6-A17B-4659-A02A-C0CCF3B805F3}.Release|x86.Build.0 = Release|Any CPU
	EndGlobalSection
	GlobalSection(SolutionProperties) = preSolution
		HideSolutionNode = FALSE
	EndGlobalSection
	GlobalSection(ExtensibilityGlobals) = postSolution
		SolutionGuid = {E2DF5FF6-F541-4E57-906A-4F1B87E0BFFB}
	EndGlobalSection
EndGlobal
